// !$*UTF8*$!
{
	archiveVersion = 1;
	classes = {
	};
	objectVersion = 46;
	objects = {

/* Begin PBXBuildFile section */
		5141583E1E02F51300232B1D /* cdi.h in Headers */ = {isa = PBXBuildFile; fileRef = 5141583D1E02F51300232B1D /* cdi.h */; };
		514158401E02F51300232B1D /* cdi.m in Sources */ = {isa = PBXBuildFile; fileRef = 5141583F1E02F51300232B1D /* cdi.m */; };
		514158461E02F51300232B1D /* libcdi.dylib in Frameworks */ = {isa = PBXBuildFile; fileRef = 5141583A1E02F51300232B1D /* libcdi.dylib */; };
/* End PBXBuildFile section */

/* Begin PBXContainerItemProxy section */
		514158471E02F51300232B1D /* PBXContainerItemProxy */ = {
			isa = PBXContainerItemProxy;
			containerPortal = 514158321E02F51300232B1D /* Project object */;
			proxyType = 1;
			remoteGlobalIDString = 514158391E02F51300232B1D;
			remoteInfo = cdi;
		};
/* End PBXContainerItemProxy section */

/* Begin PBXFileReference section */
		5141583A1E02F51300232B1D /* libcdi.dylib */ = {isa = PBXFileReference; explicitFileType = "compiled.mach-o.dylib"; includeInIndex = 0; path = libcdi.dylib; sourceTree = BUILT_PRODUCTS_DIR; };
		5141583D1E02F51300232B1D /* cdi.h */ = {isa = PBXFileReference; lastKnownFileType = sourcecode.c.h; path = cdi.h; sourceTree = "<group>"; };
		5141583F1E02F51300232B1D /* cdi.m */ = {isa = PBXFileReference; lastKnownFileType = sourcecode.c.objc; path = cdi.m; sourceTree = "<group>"; };
		514158451E02F51300232B1D /* cdiTests.xctest */ = {isa = PBXFileReference; explicitFileType = wrapper.cfbundle; includeInIndex = 0; path = cdiTests.xctest; sourceTree = BUILT_PRODUCTS_DIR; };
		5141584B1E02F51300232B1D /* Info.plist */ = {isa = PBXFileReference; lastKnownFileType = text.plist.xml; path = Info.plist; sourceTree = "<group>"; };
/* End PBXFileReference section */

/* Begin PBXFrameworksBuildPhase section */
		514158371E02F51300232B1D /* Frameworks */ = {
			isa = PBXFrameworksBuildPhase;
			buildActionMask = 2147483647;
			files = (
			);
			runOnlyForDeploymentPostprocessing = 0;
		};
		514158421E02F51300232B1D /* Frameworks */ = {
			isa = PBXFrameworksBuildPhase;
			buildActionMask = 2147483647;
			files = (
				514158461E02F51300232B1D /* libcdi.dylib in Frameworks */,
			);
			runOnlyForDeploymentPostprocessing = 0;
		};
/* End PBXFrameworksBuildPhase section */

/* Begin PBXGroup section */
		514158311E02F51300232B1D = {
			isa = PBXGroup;
			children = (
				5141583C1E02F51300232B1D /* cdi */,
				514158491E02F51300232B1D /* cdiTests */,
				5141583B1E02F51300232B1D /* Products */,
			);
			sourceTree = "<group>";
		};
		5141583B1E02F51300232B1D /* Products */ = {
			isa = PBXGroup;
			children = (
				5141583A1E02F51300232B1D /* libcdi.dylib */,
				514158451E02F51300232B1D /* cdiTests.xctest */,
			);
			name = Products;
			sourceTree = "<group>";
		};
		5141583C1E02F51300232B1D /* cdi */ = {
			isa = PBXGroup;
			children = (
				5141583D1E02F51300232B1D /* cdi.h */,
				5141583F1E02F51300232B1D /* cdi.m */,
			);
			path = cdi;
			sourceTree = "<group>";
		};
		514158491E02F51300232B1D /* cdiTests */ = {
			isa = PBXGroup;
			children = (
				5141584A1E02F51300232B1D /* Supporting Files */,
			);
			path = cdiTests;
			sourceTree = "<group>";
		};
		5141584A1E02F51300232B1D /* Supporting Files */ = {
			isa = PBXGroup;
			children = (
				5141584B1E02F51300232B1D /* Info.plist */,
			);
			name = "Supporting Files";
			sourceTree = "<group>";
		};
/* End PBXGroup section */

/* Begin PBXHeadersBuildPhase section */
		514158381E02F51300232B1D /* Headers */ = {
			isa = PBXHeadersBuildPhase;
			buildActionMask = 2147483647;
			files = (
				5141583E1E02F51300232B1D /* cdi.h in Headers */,
			);
			runOnlyForDeploymentPostprocessing = 0;
		};
/* End PBXHeadersBuildPhase section */

/* Begin PBXNativeTarget section */
		514158391E02F51300232B1D /* cdi */ = {
			isa = PBXNativeTarget;
			buildConfigurationList = 5141584E1E02F51300232B1D /* Build configuration list for PBXNativeTarget "cdi" */;
			buildPhases = (
				514158361E02F51300232B1D /* Sources */,
				514158371E02F51300232B1D /* Frameworks */,
				514158381E02F51300232B1D /* Headers */,
			);
			buildRules = (
			);
			dependencies = (
			);
			name = cdi;
			productName = cdi;
			productReference = 5141583A1E02F51300232B1D /* libcdi.dylib */;
			productType = "com.apple.product-type.library.dynamic";
		};
		514158441E02F51300232B1D /* cdiTests */ = {
			isa = PBXNativeTarget;
			buildConfigurationList = 514158511E02F51300232B1D /* Build configuration list for PBXNativeTarget "cdiTests" */;
			buildPhases = (
				514158411E02F51300232B1D /* Sources */,
				514158421E02F51300232B1D /* Frameworks */,
				514158431E02F51300232B1D /* Resources */,
			);
			buildRules = (
			);
			dependencies = (
				514158481E02F51300232B1D /* PBXTargetDependency */,
			);
			name = cdiTests;
			productName = cdiTests;
			productReference = 514158451E02F51300232B1D /* cdiTests.xctest */;
			productType = "com.apple.product-type.bundle.unit-test";
		};
/* End PBXNativeTarget section */

/* Begin PBXProject section */
		514158321E02F51300232B1D /* Project object */ = {
			isa = PBXProject;
			attributes = {
				LastUpgradeCheck = 0610;
				ORGANIZATIONNAME = "Barbara Frosik";
				TargetAttributes = {
					514158391E02F51300232B1D = {
						CreatedOnToolsVersion = 6.1.1;
					};
					514158441E02F51300232B1D = {
						CreatedOnToolsVersion = 6.1.1;
					};
				};
			};
			buildConfigurationList = 514158351E02F51300232B1D /* Build configuration list for PBXProject "cdi" */;
			compatibilityVersion = "Xcode 3.2";
			developmentRegion = English;
			hasScannedForEncodings = 0;
			knownRegions = (
				en,
			);
			mainGroup = 514158311E02F51300232B1D;
			productRefGroup = 5141583B1E02F51300232B1D /* Products */;
			projectDirPath = "";
			projectRoot = "";
			targets = (
				514158391E02F51300232B1D /* cdi */,
				514158441E02F51300232B1D /* cdiTests */,
			);
		};
/* End PBXProject section */

/* Begin PBXResourcesBuildPhase section */
		514158431E02F51300232B1D /* Resources */ = {
			isa = PBXResourcesBuildPhase;
			buildActionMask = 2147483647;
			files = (
			);
			runOnlyForDeploymentPostprocessing = 0;
		};
/* End PBXResourcesBuildPhase section */

/* Begin PBXSourcesBuildPhase section */
		514158361E02F51300232B1D /* Sources */ = {
			isa = PBXSourcesBuildPhase;
			buildActionMask = 2147483647;
			files = (
				514158401E02F51300232B1D /* cdi.m in Sources */,
			);
			runOnlyForDeploymentPostprocessing = 0;
		};
		514158411E02F51300232B1D /* Sources */ = {
			isa = PBXSourcesBuildPhase;
			buildActionMask = 2147483647;
			files = (
			);
			runOnlyForDeploymentPostprocessing = 0;
		};
/* End PBXSourcesBuildPhase section */

/* Begin PBXTargetDependency section */
		514158481E02F51300232B1D /* PBXTargetDependency */ = {
			isa = PBXTargetDependency;
			target = 514158391E02F51300232B1D /* cdi */;
			targetProxy = 514158471E02F51300232B1D /* PBXContainerItemProxy */;
		};
/* End PBXTargetDependency section */

/* Begin XCBuildConfiguration section */
		5141584C1E02F51300232B1D /* Debug */ = {
			isa = XCBuildConfiguration;
			buildSettings = {
				ALWAYS_SEARCH_USER_PATHS = NO;
				CLANG_CXX_LANGUAGE_STANDARD = "gnu++0x";
				CLANG_CXX_LIBRARY = "libc++";
				CLANG_ENABLE_MODULES = YES;
				CLANG_ENABLE_OBJC_ARC = YES;
				CLANG_WARN_BOOL_CONVERSION = YES;
				CLANG_WARN_CONSTANT_CONVERSION = YES;
				CLANG_WARN_DIRECT_OBJC_ISA_USAGE = YES_ERROR;
				CLANG_WARN_EMPTY_BODY = YES;
				CLANG_WARN_ENUM_CONVERSION = YES;
				CLANG_WARN_INT_CONVERSION = YES;
				CLANG_WARN_OBJC_ROOT_CLASS = YES_ERROR;
				CLANG_WARN_UNREACHABLE_CODE = YES;
				CLANG_WARN__DUPLICATE_METHOD_MATCH = YES;
				COPY_PHASE_STRIP = NO;
				ENABLE_STRICT_OBJC_MSGSEND = YES;
				GCC_C_LANGUAGE_STANDARD = gnu99;
				GCC_DYNAMIC_NO_PIC = NO;
				GCC_OPTIMIZATION_LEVEL = 0;
				GCC_PREPROCESSOR_DEFINITIONS = (
					"DEBUG=1",
					"$(inherited)",
				);
				GCC_SYMBOLS_PRIVATE_EXTERN = NO;
				GCC_WARN_64_TO_32_BIT_CONVERSION = YES;
				GCC_WARN_ABOUT_RETURN_TYPE = YES_ERROR;
				GCC_WARN_UNDECLARED_SELECTOR = YES;
				GCC_WARN_UNINITIALIZED_AUTOS = YES_AGGRESSIVE;
				GCC_WARN_UNUSED_FUNCTION = YES;
				GCC_WARN_UNUSED_VARIABLE = YES;
				MACOSX_DEPLOYMENT_TARGET = 10.10;
				MTL_ENABLE_DEBUG_INFO = YES;
				ONLY_ACTIVE_ARCH = YES;
				SDKROOT = macosx;
			};
			name = Debug;
		};
		5141584D1E02F51300232B1D /* Release */ = {
			isa = XCBuildConfiguration;
			buildSettings = {
				ALWAYS_SEARCH_USER_PATHS = NO;
				CLANG_CXX_LANGUAGE_STANDARD = "gnu++0x";
				CLANG_CXX_LIBRARY = "libc++";
				CLANG_ENABLE_MODULES = YES;
				CLANG_ENABLE_OBJC_ARC = YES;
				CLANG_WARN_BOOL_CONVERSION = YES;
				CLANG_WARN_CONSTANT_CONVERSION = YES;
				CLANG_WARN_DIRECT_OBJC_ISA_USAGE = YES_ERROR;
				CLANG_WARN_EMPTY_BODY = YES;
				CLANG_WARN_ENUM_CONVERSION = YES;
				CLANG_WARN_INT_CONVERSION = YES;
				CLANG_WARN_OBJC_ROOT_CLASS = YES_ERROR;
				CLANG_WARN_UNREACHABLE_CODE = YES;
				CLANG_WARN__DUPLICATE_METHOD_MATCH = YES;
				COPY_PHASE_STRIP = YES;
				DEBUG_INFORMATION_FORMAT = "dwarf-with-dsym";
				ENABLE_NS_ASSERTIONS = NO;
				ENABLE_STRICT_OBJC_MSGSEND = YES;
				GCC_C_LANGUAGE_STANDARD = gnu99;
				GCC_WARN_64_TO_32_BIT_CONVERSION = YES;
				GCC_WARN_ABOUT_RETURN_TYPE = YES_ERROR;
				GCC_WARN_UNDECLARED_SELECTOR = YES;
				GCC_WARN_UNINITIALIZED_AUTOS = YES_AGGRESSIVE;
				GCC_WARN_UNUSED_FUNCTION = YES;
				GCC_WARN_UNUSED_VARIABLE = YES;
				MACOSX_DEPLOYMENT_TARGET = 10.10;
				MTL_ENABLE_DEBUG_INFO = NO;
				SDKROOT = macosx;
			};
			name = Release;
		};
		5141584F1E02F51300232B1D /* Debug */ = {
			isa = XCBuildConfiguration;
			buildSettings = {
				DYLIB_COMPATIBILITY_VERSION = 1;
				DYLIB_CURRENT_VERSION = 1;
				EXECUTABLE_PREFIX = lib;
				PRODUCT_NAME = "$(TARGET_NAME)";
			};
			name = Debug;
		};
		514158501E02F51300232B1D /* Release */ = {
			isa = XCBuildConfiguration;
			buildSettings = {
				DYLIB_COMPATIBILITY_VERSION = 1;
				DYLIB_CURRENT_VERSION = 1;
				EXECUTABLE_PREFIX = lib;
				PRODUCT_NAME = "$(TARGET_NAME)";
			};
			name = Release;
		};
		514158521E02F51300232B1D /* Debug */ = {
			isa = XCBuildConfiguration;
			buildSettings = {
				COMBINE_HIDPI_IMAGES = YES;
				FRAMEWORK_SEARCH_PATHS = (
					"$(DEVELOPER_FRAMEWORKS_DIR)",
					"$(inherited)",
				);
				GCC_PREPROCESSOR_DEFINITIONS = (
					"DEBUG=1",
					"$(inherited)",
				);
				INFOPLIST_FILE = cdiTests/Info.plist;
				LD_RUNPATH_SEARCH_PATHS = "$(inherited) @executable_path/../Frameworks @loader_path/../Frameworks";
				PRODUCT_NAME = "$(TARGET_NAME)";
			};
			name = Debug;
		};
		514158531E02F51300232B1D /* Release */ = {
			isa = XCBuildConfiguration;
			buildSettings = {
				COMBINE_HIDPI_IMAGES = YES;
				FRAMEWORK_SEARCH_PATHS = (
					"$(DEVELOPER_FRAMEWORKS_DIR)",
					"$(inherited)",
				);
				INFOPLIST_FILE = cdiTests/Info.plist;
				LD_RUNPATH_SEARCH_PATHS = "$(inherited) @executable_path/../Frameworks @loader_path/../Frameworks";
				PRODUCT_NAME = "$(TARGET_NAME)";
			};
			name = Release;
		};
/* End XCBuildConfiguration section */

/* Begin XCConfigurationList section */
		514158351E02F51300232B1D /* Build configuration list for PBXProject "cdi" */ = {
			isa = XCConfigurationList;
			buildConfigurations = (
				5141584C1E02F51300232B1D /* Debug */,
				5141584D1E02F51300232B1D /* Release */,
			);
			defaultConfigurationIsVisible = 0;
			defaultConfigurationName = Release;
		};
		5141584E1E02F51300232B1D /* Build configuration list for PBXNativeTarget "cdi" */ = {
			isa = XCConfigurationList;
			buildConfigurations = (
				5141584F1E02F51300232B1D /* Debug */,
				514158501E02F51300232B1D /* Release */,
			);
			defaultConfigurationIsVisible = 0;
		};
		514158511E02F51300232B1D /* Build configuration list for PBXNativeTarget "cdiTests" */ = {
			isa = XCConfigurationList;
			buildConfigurations = (
				514158521E02F51300232B1D /* Debug */,
				514158531E02F51300232B1D /* Release */,
			);
			defaultConfigurationIsVisible = 0;
		};
/* End XCConfigurationList section */
	};
	rootObject = 514158321E02F51300232B1D /* Project object */;
}
